
Microsoft Visual Studio Solution File, Format Version 12.00
# Visual Studio Version 16
VisualStudioVersion = 16.0.31911.196
MinimumVisualStudioVersion = 10.0.40219.1
Project("{FAE04EC0-301F-11D3-BF4B-00C04F79EFBC}") = "StoreApp.Android", "StoreApp\StoreApp.Android\StoreApp.Android.csproj", "{F6C99701-6C24-4685-A8AA-A214376661BC}"
EndProject
Project("{FAE04EC0-301F-11D3-BF4B-00C04F79EFBC}") = "StoreApp", "StoreApp\StoreApp\StoreApp.csproj", "{E79E00E7-309F-4640-A3FB-7738F14DB7FD}"
EndProject
Global
	GlobalSection(SolutionConfigurationPlatforms) = preSolution
		Debug|Any CPU = Debug|Any CPU
		Release|Any CPU = Release|Any CPU
	EndGlobalSection
	GlobalSection(ProjectConfigurationPlatforms) = postSolution
		{F6C99701-6C24-4685-A8AA-A214376661BC}.Debug|Any CPU.ActiveCfg = Debug|Any CPU
		{F6C99701-6C24-4685-A8AA-A214376661BC}.Debug|Any CPU.Build.0 = Debug|Any CPU
		{F6C99701-6C24-4685-A8AA-A214376661BC}.Debug|Any CPU.Deploy.0 = Debug|Any CPU
		{F6C99701-6C24-4685-A8AA-A214376661BC}.Release|Any CPU.ActiveCfg = Release|Any CPU
		{F6C99701-6C24-4685-A8AA-A214376661BC}.Release|Any CPU.Build.0 = Release|Any CPU
		{F6C99701-6C24-4685-A8AA-A214376661BC}.Release|Any CPU.Deploy.0 = Release|Any CPU
		{E79E00E7-309F-4640-A3FB-7738F14DB7FD}.Debug|Any CPU.ActiveCfg = Debug|Any CPU
		{E79E00E7-309F-4640-A3FB-7738F14DB7FD}.Debug|Any CPU.Build.0 = Debug|Any CPU
		{E79E00E7-309F-4640-A3FB-7738F14DB7FD}.Debug|Any CPU.Deploy.0 = Debug|Any CPU
		{E79E00E7-309F-4640-A3FB-7738F14DB7FD}.Release|Any CPU.ActiveCfg = Release|Any CPU
		{E79E00E7-309F-4640-A3FB-7738F14DB7FD}.Release|Any CPU.Build.0 = Release|Any CPU
		{E79E00E7-309F-4640-A3FB-7738F14DB7FD}.Release|Any CPU.Deploy.0 = Release|Any CPU
	EndGlobalSection
	GlobalSection(SolutionProperties) = preSolution
		HideSolutionNode = FALSE
	EndGlobalSection
	GlobalSection(ExtensibilityGlobals) = postSolution
		SolutionGuid = {D6ADF6A0-8F01-47D4-9785-F54722E84E78}
	EndGlobalSection
EndGlobal
